
Microsoft Visual Studio Solution File, Format Version 12.00
# Visual Studio 15
VisualStudioVersion = 15.0.28010.2026
MinimumVisualStudioVersion = 10.0.40219.1
Project("{FAE04EC0-301F-11D3-BF4B-00C04F79EFBC}") = "ServeMeLib", "ServeMeLib.csproj", "{168B593A-D912-4CC0-B50F-ACEDADA43DCA}"
EndProject
Project("{FAE04EC0-301F-11D3-BF4B-00C04F79EFBC}") = "ServeMe.Tests", "..\ServeMe.Tests\ServeMe.Tests.csproj", "{FA98A3CA-BE7D-408D-91F1-E3287BCD0CCA}"
EndProject
Project("{9A19103F-16F7-4668-BE54-9A1E7A4F7556}") = "ServeMeLibCore", "..\ServeMeLibCore\ServeMeLibCore.csproj", "{F0C10569-17A3-4EC6-B8C6-A25A89C74DED}"
EndProject
Global
	GlobalSection(SolutionConfigurationPlatforms) = preSolution
		Debug|Any CPU = Debug|Any CPU
		Release|Any CPU = Release|Any CPU
	EndGlobalSection
	GlobalSection(ProjectConfigurationPlatforms) = postSolution
		{168B593A-D912-4CC0-B50F-ACEDADA43DCA}.Debug|Any CPU.ActiveCfg = Debug|Any CPU
		{168B593A-D912-4CC0-B50F-ACEDADA43DCA}.Debug|Any CPU.Build.0 = Debug|Any CPU
		{168B593A-D912-4CC0-B50F-ACEDADA43DCA}.Release|Any CPU.ActiveCfg = Release|Any CPU
		{168B593A-D912-4CC0-B50F-ACEDADA43DCA}.Release|Any CPU.Build.0 = Release|Any CPU
		{FA98A3CA-BE7D-408D-91F1-E3287BCD0CCA}.Debug|Any CPU.ActiveCfg = Debug|Any CPU
		{FA98A3CA-BE7D-408D-91F1-E3287BCD0CCA}.Debug|Any CPU.Build.0 = Debug|Any CPU
		{FA98A3CA-BE7D-408D-91F1-E3287BCD0CCA}.Release|Any CPU.ActiveCfg = Release|Any CPU
		{FA98A3CA-BE7D-408D-91F1-E3287BCD0CCA}.Release|Any CPU.Build.0 = Release|Any CPU
		{F0C10569-17A3-4EC6-B8C6-A25A89C74DED}.Debug|Any CPU.ActiveCfg = Debug|Any CPU
		{F0C10569-17A3-4EC6-B8C6-A25A89C74DED}.Debug|Any CPU.Build.0 = Debug|Any CPU
		{F0C10569-17A3-4EC6-B8C6-A25A89C74DED}.Release|Any CPU.ActiveCfg = Release|Any CPU
		{F0C10569-17A3-4EC6-B8C6-A25A89C74DED}.Release|Any CPU.Build.0 = Release|Any CPU
	EndGlobalSection
	GlobalSection(SolutionProperties) = preSolution
		HideSolutionNode = FALSE
	EndGlobalSection
	GlobalSection(ExtensibilityGlobals) = postSolution
		SolutionGuid = {B6BD6B3B-6819-45BB-B92E-0002A9E0ED67}
	EndGlobalSection
EndGlobal
